
Microsoft Visual Studio Solution File, Format Version 12.00
# Visual Studio Version 17
VisualStudioVersion = 17.2.32616.157
MinimumVisualStudioVersion = 10.0.40219.1
Project("{FAE04EC0-301F-11D3-BF4B-00C04F79EFBC}") = "LINQDemo", "LINQDemo\LINQDemo.csproj", "{4CAC4D5E-AEE7-45CF-811B-93CA02D374A9}"
EndProject
Global
	GlobalSection(SolutionConfigurationPlatforms) = preSolution
		Debug|Any CPU = Debug|Any CPU
		Release|Any CPU = Release|Any CPU
	EndGlobalSection
	GlobalSection(ProjectConfigurationPlatforms) = postSolution
		{4CAC4D5E-AEE7-45CF-811B-93CA02D374A9}.Debug|Any CPU.ActiveCfg = Debug|Any CPU
		{4CAC4D5E-AEE7-45CF-811B-93CA02D374A9}.Debug|Any CPU.Build.0 = Debug|Any CPU
		{4CAC4D5E-AEE7-45CF-811B-93CA02D374A9}.Release|Any CPU.ActiveCfg = Release|Any CPU
		{4CAC4D5E-AEE7-45CF-811B-93CA02D374A9}.Release|Any CPU.Build.0 = Release|Any CPU
	EndGlobalSection
	GlobalSection(SolutionProperties) = preSolution
		HideSolutionNode = FALSE
	EndGlobalSection
	GlobalSection(ExtensibilityGlobals) = postSolution
		SolutionGuid = {033AA6EF-3C8A-4D35-8296-3DC60AF9FAC8}
	EndGlobalSection
EndGlobal
